
Microsoft Visual Studio Solution File, Format Version 12.00
# Visual Studio Version 16
VisualStudioVersion = 16.0.29201.188
MinimumVisualStudioVersion = 15.0.26124.0
Project("{FAE04EC0-301F-11D3-BF4B-00C04F79EFBC}") = "Extensions", "Extensions\Extensions.csproj", "{9807405C-2537-4E0A-8AE5-2E6726EC9D82}"
EndProject
Project("{FAE04EC0-301F-11D3-BF4B-00C04F79EFBC}") = "Playground", "Playground\Playground.csproj", "{837DA1D8-D548-4ED8-8A48-9CCE53F818EB}"
EndProject
Project("{FAE04EC0-301F-11D3-BF4B-00C04F79EFBC}") = "Extensions.UnitTests", "Extensions.UnitTests\Extensions.UnitTests.csproj", "{0494E55C-6365-409F-B6BC-D7772528A9B6}"
EndProject
Global
	GlobalSection(SolutionConfigurationPlatforms) = preSolution
		Debug|Any CPU = Debug|Any CPU
		Release|Any CPU = Release|Any CPU
	EndGlobalSection
	GlobalSection(ProjectConfigurationPlatforms) = postSolution
		{9807405C-2537-4E0A-8AE5-2E6726EC9D82}.Debug|Any CPU.ActiveCfg = Debug|Any CPU
		{9807405C-2537-4E0A-8AE5-2E6726EC9D82}.Debug|Any CPU.Build.0 = Debug|Any CPU
		{9807405C-2537-4E0A-8AE5-2E6726EC9D82}.Release|Any CPU.ActiveCfg = Release|Any CPU
		{9807405C-2537-4E0A-8AE5-2E6726EC9D82}.Release|Any CPU.Build.0 = Release|Any CPU
		{837DA1D8-D548-4ED8-8A48-9CCE53F818EB}.Debug|Any CPU.ActiveCfg = Debug|Any CPU
		{837DA1D8-D548-4ED8-8A48-9CCE53F818EB}.Debug|Any CPU.Build.0 = Debug|Any CPU
		{837DA1D8-D548-4ED8-8A48-9CCE53F818EB}.Release|Any CPU.ActiveCfg = Release|Any CPU
		{837DA1D8-D548-4ED8-8A48-9CCE53F818EB}.Release|Any CPU.Build.0 = Release|Any CPU
		{0494E55C-6365-409F-B6BC-D7772528A9B6}.Debug|Any CPU.ActiveCfg = Debug|Any CPU
		{0494E55C-6365-409F-B6BC-D7772528A9B6}.Debug|Any CPU.Build.0 = Debug|Any CPU
		{0494E55C-6365-409F-B6BC-D7772528A9B6}.Release|Any CPU.ActiveCfg = Release|Any CPU
		{0494E55C-6365-409F-B6BC-D7772528A9B6}.Release|Any CPU.Build.0 = Release|Any CPU
	EndGlobalSection
	GlobalSection(SolutionProperties) = preSolution
		HideSolutionNode = FALSE
	EndGlobalSection
	GlobalSection(ExtensibilityGlobals) = postSolution
		SolutionGuid = {31D2F91D-CD8A-4926-B7AC-4BB8F5E85D9B}
	EndGlobalSection
EndGlobal
